
Microsoft Visual Studio Solution File, Format Version 12.00
# Visual Studio Version 17
VisualStudioVersion = 17.7.34018.315
MinimumVisualStudioVersion = 10.0.40219.1
Project("{FAE04EC0-301F-11D3-BF4B-00C04F79EFBC}") = "WebAPI", "WebAPI.csproj", "{CF4DBE64-FB9B-43B2-AD80-D357D77439BF}"
EndProject
Project("{FAE04EC0-301F-11D3-BF4B-00C04F79EFBC}") = "WebApplication1", "..\WebApplication1\WebApplication1.csproj", "{95D32CA0-293C-45E8-9B96-3CC82C0D2FA6}"
EndProject
Global
	GlobalSection(SolutionConfigurationPlatforms) = preSolution
		Debug|Any CPU = Debug|Any CPU
		Release|Any CPU = Release|Any CPU
	EndGlobalSection
	GlobalSection(ProjectConfigurationPlatforms) = postSolution
		{CF4DBE64-FB9B-43B2-AD80-D357D77439BF}.Debug|Any CPU.ActiveCfg = Debug|Any CPU
		{CF4DBE64-FB9B-43B2-AD80-D357D77439BF}.Debug|Any CPU.Build.0 = Debug|Any CPU
		{CF4DBE64-FB9B-43B2-AD80-D357D77439BF}.Release|Any CPU.ActiveCfg = Release|Any CPU
		{CF4DBE64-FB9B-43B2-AD80-D357D77439BF}.Release|Any CPU.Build.0 = Release|Any CPU
		{95D32CA0-293C-45E8-9B96-3CC82C0D2FA6}.Debug|Any CPU.ActiveCfg = Debug|Any CPU
		{95D32CA0-293C-45E8-9B96-3CC82C0D2FA6}.Debug|Any CPU.Build.0 = Debug|Any CPU
		{95D32CA0-293C-45E8-9B96-3CC82C0D2FA6}.Release|Any CPU.ActiveCfg = Release|Any CPU
		{95D32CA0-293C-45E8-9B96-3CC82C0D2FA6}.Release|Any CPU.Build.0 = Release|Any CPU
	EndGlobalSection
	GlobalSection(SolutionProperties) = preSolution
		HideSolutionNode = FALSE
	EndGlobalSection
	GlobalSection(ExtensibilityGlobals) = postSolution
		SolutionGuid = {F147492B-77E7-44CE-BCD5-295A149ECEBF}
	EndGlobalSection
EndGlobal
